// !$*UTF8*$!
{
	archiveVersion = 1;
	classes = {
	};
	objectVersion = 46;
	objects = {

/* Begin PBXBuildFile section */
		162536931CF0FDE10017FE25 /* main.m in Sources */ = {isa = PBXBuildFile; fileRef = 162536921CF0FDE10017FE25 /* main.m */; };
		162536951CF0FDE10017FE25 /* Assets.xcassets in Resources */ = {isa = PBXBuildFile; fileRef = 162536941CF0FDE10017FE25 /* Assets.xcassets */; };
		162536B71CF1022B0017FE25 /* AppDelegate.m in Sources */ = {isa = PBXBuildFile; fileRef = 162536B31CF1022B0017FE25 /* AppDelegate.m */; };
		162536B81CF1022B0017FE25 /* MainMenu.xib in Resources */ = {isa = PBXBuildFile; fileRef = 162536B41CF1022B0017FE25 /* MainMenu.xib */; };
		162536B91CF1022B0017FE25 /* WaveformView.m in Sources */ = {isa = PBXBuildFile; fileRef = 162536B61CF1022B0017FE25 /* WaveformView.m */; };
/* End PBXBuildFile section */

/* Begin PBXFileReference section */
		1625368B1CF0FDE10017FE25 /* Plectra.app */ = {isa = PBXFileReference; explicitFileType = wrapper.application; includeInIndex = 0; path = Plectra.app; sourceTree = BUILT_PRODUCTS_DIR; };
		162536921CF0FDE10017FE25 /* main.m */ = {isa = PBXFileReference; lastKnownFileType = sourcecode.c.objc; path = main.m; sourceTree = "<group>"; };
		162536941CF0FDE10017FE25 /* Assets.xcassets */ = {isa = PBXFileReference; lastKnownFileType = folder.assetcatalog; path = Assets.xcassets; sourceTree = "<group>"; };
		162536991CF0FDE10017FE25 /* Info.plist */ = {isa = PBXFileReference; lastKnownFileType = text.plist.xml; path = Info.plist; sourceTree = "<group>"; };
		162536B21CF1022B0017FE25 /* AppDelegate.h */ = {isa = PBXFileReference; fileEncoding = 4; lastKnownFileType = sourcecode.c.h; path = AppDelegate.h; sourceTree = "<group>"; };
		162536B31CF1022B0017FE25 /* AppDelegate.m */ = {isa = PBXFileReference; fileEncoding = 4; lastKnownFileType = sourcecode.c.objc; path = AppDelegate.m; sourceTree = "<group>"; };
		162536B41CF1022B0017FE25 /* MainMenu.xib */ = {isa = PBXFileReference; fileEncoding = 4; lastKnownFileType = file.xib; path = MainMenu.xib; sourceTree = "<group>"; };
		162536B51CF1022B0017FE25 /* WaveformView.h */ = {isa = PBXFileReference; fileEncoding = 4; lastKnownFileType = sourcecode.c.h; path = WaveformView.h; sourceTree = "<group>"; };
		162536B61CF1022B0017FE25 /* WaveformView.m */ = {isa = PBXFileReference; fileEncoding = 4; lastKnownFileType = sourcecode.c.objc; path = WaveformView.m; sourceTree = "<group>"; };
/* End PBXFileReference section */

/* Begin PBXFrameworksBuildPhase section */
		162536881CF0FDE10017FE25 /* Frameworks */ = {
			isa = PBXFrameworksBuildPhase;
			buildActionMask = 2147483647;
			files = (
			);
			runOnlyForDeploymentPostprocessing = 0;
		};
/* End PBXFrameworksBuildPhase section */

/* Begin PBXGroup section */
		162536821CF0FDE10017FE25 = {
			isa = PBXGroup;
			children = (
				1625368D1CF0FDE10017FE25 /* Plectra */,
				1625368C1CF0FDE10017FE25 /* Products */,
			);
			sourceTree = "<group>";
		};
		1625368C1CF0FDE10017FE25 /* Products */ = {
			isa = PBXGroup;
			children = (
				1625368B1CF0FDE10017FE25 /* Plectra.app */,
			);
			name = Products;
			sourceTree = "<group>";
		};
		1625368D1CF0FDE10017FE25 /* Plectra */ = {
			isa = PBXGroup;
			children = (
				162536B21CF1022B0017FE25 /* AppDelegate.h */,
				162536B31CF1022B0017FE25 /* AppDelegate.m */,
				162536B41CF1022B0017FE25 /* MainMenu.xib */,
				162536B51CF1022B0017FE25 /* WaveformView.h */,
				162536B61CF1022B0017FE25 /* WaveformView.m */,
				162536941CF0FDE10017FE25 /* Assets.xcassets */,
				162536991CF0FDE10017FE25 /* Info.plist */,
				162536911CF0FDE10017FE25 /* Supporting Files */,
			);
			path = Plectra;
			sourceTree = "<group>";
		};
		162536911CF0FDE10017FE25 /* Supporting Files */ = {
			isa = PBXGroup;
			children = (
				162536921CF0FDE10017FE25 /* main.m */,
			);
			name = "Supporting Files";
			sourceTree = "<group>";
		};
/* End PBXGroup section */

/* Begin PBXNativeTarget section */
		1625368A1CF0FDE10017FE25 /* Plectra */ = {
			isa = PBXNativeTarget;
			buildConfigurationList = 1625369C1CF0FDE10017FE25 /* Build configuration list for PBXNativeTarget "Plectra" */;
			buildPhases = (
				162536871CF0FDE10017FE25 /* Sources */,
				162536881CF0FDE10017FE25 /* Frameworks */,
				162536891CF0FDE10017FE25 /* Resources */,
			);
			buildRules = (
			);
			dependencies = (
			);
			name = Plectra;
			productName = Plectra;
			productReference = 1625368B1CF0FDE10017FE25 /* Plectra.app */;
			productType = "com.apple.product-type.application";
		};
/* End PBXNativeTarget section */

/* Begin PBXProject section */
		162536831CF0FDE10017FE25 /* Project object */ = {
			isa = PBXProject;
			attributes = {
				LastUpgradeCheck = 0730;
				ORGANIZATIONNAME = "OXullo Intersecans";
				TargetAttributes = {
					1625368A1CF0FDE10017FE25 = {
						CreatedOnToolsVersion = 7.3;
					};
				};
			};
			buildConfigurationList = 162536861CF0FDE10017FE25 /* Build configuration list for PBXProject "Plectra" */;
			compatibilityVersion = "Xcode 3.2";
			developmentRegion = English;
			hasScannedForEncodings = 0;
			knownRegions = (
				en,
				Base,
			);
			mainGroup = 162536821CF0FDE10017FE25;
			productRefGroup = 1625368C1CF0FDE10017FE25 /* Products */;
			projectDirPath = "";
			projectRoot = "";
			targets = (
				1625368A1CF0FDE10017FE25 /* Plectra */,
			);
		};
/* End PBXProject section */

/* Begin PBXResourcesBuildPhase section */
		162536891CF0FDE10017FE25 /* Resources */ = {
			isa = PBXResourcesBuildPhase;
			buildActionMask = 2147483647;
			files = (
				162536951CF0FDE10017FE25 /* Assets.xcassets in Resources */,
				162536B81CF1022B0017FE25 /* MainMenu.xib in Resources */,
			);
			runOnlyForDeploymentPostprocessing = 0;
		};
/* End PBXResourcesBuildPhase section */

/* Begin PBXSourcesBuildPhase section */
		162536871CF0FDE10017FE25 /* Sources */ = {
			isa = PBXSourcesBuildPhase;
			buildActionMask = 2147483647;
			files = (
				162536B71CF1022B0017FE25 /* AppDelegate.m in Sources */,
				162536B91CF1022B0017FE25 /* WaveformView.m in Sources */,
				162536931CF0FDE10017FE25 /* main.m in Sources */,
			);
			runOnlyForDeploymentPostprocessing = 0;
		};
/* End PBXSourcesBuildPhase section */

/* Begin XCBuildConfiguration section */
		1625369A1CF0FDE10017FE25 /* Debug */ = {
			isa = XCBuildConfiguration;
			buildSettings = {
				ALWAYS_SEARCH_USER_PATHS = NO;
				CLANG_ANALYZER_NONNULL = YES;
				CLANG_CXX_LANGUAGE_STANDARD = "gnu++0x";
				CLANG_CXX_LIBRARY = "libc++";
				CLANG_ENABLE_MODULES = YES;
				CLANG_ENABLE_OBJC_ARC = YES;
				CLANG_WARN_BOOL_CONVERSION = YES;
				CLANG_WARN_CONSTANT_CONVERSION = YES;
				CLANG_WARN_DIRECT_OBJC_ISA_USAGE = YES_ERROR;
				CLANG_WARN_EMPTY_BODY = YES;
				CLANG_WARN_ENUM_CONVERSION = YES;
				CLANG_WARN_INT_CONVERSION = YES;
				CLANG_WARN_OBJC_ROOT_CLASS = YES_ERROR;
				CLANG_WARN_UNREACHABLE_CODE = YES;
				CLANG_WARN__DUPLICATE_METHOD_MATCH = YES;
				CODE_SIGN_IDENTITY = "-";
				COPY_PHASE_STRIP = NO;
				DEBUG_INFORMATION_FORMAT = dwarf;
				ENABLE_STRICT_OBJC_MSGSEND = YES;
				ENABLE_TESTABILITY = YES;
				GCC_C_LANGUAGE_STANDARD = gnu99;
				GCC_DYNAMIC_NO_PIC = NO;
				GCC_NO_COMMON_BLOCKS = YES;
				GCC_OPTIMIZATION_LEVEL = 0;
				GCC_PREPROCESSOR_DEFINITIONS = (
					"DEBUG=1",
					"$(inherited)",
				);
				GCC_WARN_64_TO_32_BIT_CONVERSION = YES;
				GCC_WARN_ABOUT_RETURN_TYPE = YES_ERROR;
				GCC_WARN_UNDECLARED_SELECTOR = YES;
				GCC_WARN_UNINITIALIZED_AUTOS = YES_AGGRESSIVE;
				GCC_WARN_UNUSED_FUNCTION = YES;
				GCC_WARN_UNUSED_VARIABLE = YES;
				MACOSX_DEPLOYMENT_TARGET = 10.11;
				MTL_ENABLE_DEBUG_INFO = YES;
				ONLY_ACTIVE_ARCH = YES;
				SDKROOT = macosx;
			};
			name = Debug;
		};
		1625369B1CF0FDE10017FE25 /* Release */ = {
			isa = XCBuildConfiguration;
			buildSettings = {
				ALWAYS_SEARCH_USER_PATHS = NO;
				CLANG_ANALYZER_NONNULL = YES;
				CLANG_CXX_LANGUAGE_STANDARD = "gnu++0x";
				CLANG_CXX_LIBRARY = "libc++";
				CLANG_ENABLE_MODULES = YES;
				CLANG_ENABLE_OBJC_ARC = YES;
				CLANG_WARN_BOOL_CONVERSION = YES;
				CLANG_WARN_CONSTANT_CONVERSION = YES;
				CLANG_WARN_DIRECT_OBJC_ISA_USAGE = YES_ERROR;
				CLANG_WARN_EMPTY_BODY = YES;
				CLANG_WARN_ENUM_CONVERSION = YES;
				CLANG_WARN_INT_CONVERSION = YES;
				CLANG_WARN_OBJC_ROOT_CLASS = YES_ERROR;
				CLANG_WARN_UNREACHABLE_CODE = YES;
				CLANG_WARN__DUPLICATE_METHOD_MATCH = YES;
				CODE_SIGN_IDENTITY = "-";
				COPY_PHASE_STRIP = NO;
				DEBUG_INFORMATION_FORMAT = "dwarf-with-dsym";
				ENABLE_NS_ASSERTIONS = NO;
				ENABLE_STRICT_OBJC_MSGSEND = YES;
				GCC_C_LANGUAGE_STANDARD = gnu99;
				GCC_NO_COMMON_BLOCKS = YES;
				GCC_WARN_64_TO_32_BIT_CONVERSION = YES;
				GCC_WARN_ABOUT_RETURN_TYPE = YES_ERROR;
				GCC_WARN_UNDECLARED_SELECTOR = YES;
				GCC_WARN_UNINITIALIZED_AUTOS = YES_AGGRESSIVE;
				GCC_WARN_UNUSED_FUNCTION = YES;
				GCC_WARN_UNUSED_VARIABLE = YES;
				MACOSX_DEPLOYMENT_TARGET = 10.11;
				MTL_ENABLE_DEBUG_INFO = NO;
				SDKROOT = macosx;
			};
			name = Release;
		};
		1625369D1CF0FDE10017FE25 /* Debug */ = {
			isa = XCBuildConfiguration;
			buildSettings = {
				ASSETCATALOG_COMPILER_APPICON_NAME = AppIcon;
				COMBINE_HIDPI_IMAGES = YES;
				INFOPLIST_FILE = Plectra/Info.plist;
				LD_RUNPATH_SEARCH_PATHS = "$(inherited) @executable_path/../Frameworks";
				MACOSX_DEPLOYMENT_TARGET = 10.7;
				PRODUCT_BUNDLE_IDENTIFIER = org.brainrapers.Plectra;
				PRODUCT_NAME = "$(TARGET_NAME)";
			};
			name = Debug;
		};
		1625369E1CF0FDE10017FE25 /* Release */ = {
			isa = XCBuildConfiguration;
			buildSettings = {
				ASSETCATALOG_COMPILER_APPICON_NAME = AppIcon;
				COMBINE_HIDPI_IMAGES = YES;
				INFOPLIST_FILE = Plectra/Info.plist;
				LD_RUNPATH_SEARCH_PATHS = "$(inherited) @executable_path/../Frameworks";
				MACOSX_DEPLOYMENT_TARGET = 10.7;
				PRODUCT_BUNDLE_IDENTIFIER = org.brainrapers.Plectra;
				PRODUCT_NAME = "$(TARGET_NAME)";
			};
			name = Release;
		};
/* End XCBuildConfiguration section */

/* Begin XCConfigurationList section */
		162536861CF0FDE10017FE25 /* Build configuration list for PBXProject "Plectra" */ = {
			isa = XCConfigurationList;
			buildConfigurations = (
				1625369A1CF0FDE10017FE25 /* Debug */,
				1625369B1CF0FDE10017FE25 /* Release */,
			);
			defaultConfigurationIsVisible = 0;
			defaultConfigurationName = Release;
		};
		1625369C1CF0FDE10017FE25 /* Build configuration list for PBXNativeTarget "Plectra" */ = {
			isa = XCConfigurationList;
			buildConfigurations = (
				1625369D1CF0FDE10017FE25 /* Debug */,
				1625369E1CF0FDE10017FE25 /* Release */,
			);
			defaultConfigurationIsVisible = 0;
		};
/* End XCConfigurationList section */
	};
	rootObject = 162536831CF0FDE10017FE25 /* Project object */;
}
